
Microsoft Visual Studio Solution File, Format Version 12.00
# Visual Studio 15
VisualStudioVersion = 15.0.27703.2018
MinimumVisualStudioVersion = 10.0.40219.1
Project("{FAE04EC0-301F-11D3-BF4B-00C04F79EFBC}") = "RogersReminders", "RogersReminders\RogersReminders.csproj", "{C08A2C18-161C-4EF4-9D9B-B66BC1FD220A}"
EndProject
Global
	GlobalSection(SolutionConfigurationPlatforms) = preSolution
		Debug|Any CPU = Debug|Any CPU
		Release|Any CPU = Release|Any CPU
	EndGlobalSection
	GlobalSection(ProjectConfigurationPlatforms) = postSolution
		{C08A2C18-161C-4EF4-9D9B-B66BC1FD220A}.Debug|Any CPU.ActiveCfg = Debug|Any CPU
		{C08A2C18-161C-4EF4-9D9B-B66BC1FD220A}.Debug|Any CPU.Build.0 = Debug|Any CPU
		{C08A2C18-161C-4EF4-9D9B-B66BC1FD220A}.Release|Any CPU.ActiveCfg = Release|Any CPU
		{C08A2C18-161C-4EF4-9D9B-B66BC1FD220A}.Release|Any CPU.Build.0 = Release|Any CPU
	EndGlobalSection
	GlobalSection(SolutionProperties) = preSolution
		HideSolutionNode = FALSE
	EndGlobalSection
	GlobalSection(ExtensibilityGlobals) = postSolution
		SolutionGuid = {5B92B6A1-F9A6-4224-8B84-BCE555BBBA51}
	EndGlobalSection
EndGlobal
